
Microsoft Visual Studio Solution File, Format Version 12.00
# Visual Studio Version 17
VisualStudioVersion = 17.0.31912.275
MinimumVisualStudioVersion = 10.0.40219.1
Project("{FAE04EC0-301F-11D3-BF4B-00C04F79EFBC}") = "TestMsStoreWpf", "TestMsStoreWpf.csproj", "{91AA63EC-33C2-440D-BF20-8B7745903563}"
EndProject
Global
	GlobalSection(SolutionConfigurationPlatforms) = preSolution
		Debug|Any CPU = Debug|Any CPU
		Release|Any CPU = Release|Any CPU
	EndGlobalSection
	GlobalSection(ProjectConfigurationPlatforms) = postSolution
		{91AA63EC-33C2-440D-BF20-8B7745903563}.Debug|Any CPU.ActiveCfg = Debug|Any CPU
		{91AA63EC-33C2-440D-BF20-8B7745903563}.Debug|Any CPU.Build.0 = Debug|Any CPU
		{91AA63EC-33C2-440D-BF20-8B7745903563}.Release|Any CPU.ActiveCfg = Release|Any CPU
		{91AA63EC-33C2-440D-BF20-8B7745903563}.Release|Any CPU.Build.0 = Release|Any CPU
	EndGlobalSection
	GlobalSection(SolutionProperties) = preSolution
		HideSolutionNode = FALSE
	EndGlobalSection
	GlobalSection(ExtensibilityGlobals) = postSolution
		SolutionGuid = {17DE539B-FDE1-4D02-A824-0FE22A4658A4}
	EndGlobalSection
EndGlobal
